
Microsoft Visual Studio Solution File, Format Version 12.00
# Visual Studio Version 17
VisualStudioVersion = 17.7.34018.315
MinimumVisualStudioVersion = 10.0.40219.1
Project("{9A19103F-16F7-4668-BE54-9A1E7A4F7556}") = "Transacciones", "Transacciones\Transacciones.csproj", "{B2831576-232D-486E-A90E-692C57213BE2}"
EndProject
Project("{9A19103F-16F7-4668-BE54-9A1E7A4F7556}") = "Transacciones.Dominio", "Transacciones.Dominio\Transacciones.Dominio.csproj", "{2EB2A835-4AC9-433D-8259-20B70F80ECAA}"
EndProject
Project("{9A19103F-16F7-4668-BE54-9A1E7A4F7556}") = "Transacciones.Negocio", "Transacciones.Negocio\Transacciones.Negocio.csproj", "{3223A4BA-5B34-4BE2-9B21-55DD52CAB487}"
EndProject
Project("{9A19103F-16F7-4668-BE54-9A1E7A4F7556}") = "TestCliente", "TestCliente\TestCliente.csproj", "{485F01D3-ADB6-45C3-8073-0B31F0BBA23D}"
EndProject
Project("{9A19103F-16F7-4668-BE54-9A1E7A4F7556}") = "Transacciones.Dominio.IoCRegister", "Transacciones.Dominio.IoCRegister\Transacciones.Dominio.IoCRegister.csproj", "{9DEE5273-AF7C-4BF6-A863-8D45F8F00349}"
EndProject
Global
	GlobalSection(SolutionConfigurationPlatforms) = preSolution
		Debug|Any CPU = Debug|Any CPU
		Release|Any CPU = Release|Any CPU
	EndGlobalSection
	GlobalSection(ProjectConfigurationPlatforms) = postSolution
		{B2831576-232D-486E-A90E-692C57213BE2}.Debug|Any CPU.ActiveCfg = Debug|Any CPU
		{B2831576-232D-486E-A90E-692C57213BE2}.Debug|Any CPU.Build.0 = Debug|Any CPU
		{B2831576-232D-486E-A90E-692C57213BE2}.Release|Any CPU.ActiveCfg = Release|Any CPU
		{B2831576-232D-486E-A90E-692C57213BE2}.Release|Any CPU.Build.0 = Release|Any CPU
		{2EB2A835-4AC9-433D-8259-20B70F80ECAA}.Debug|Any CPU.ActiveCfg = Debug|Any CPU
		{2EB2A835-4AC9-433D-8259-20B70F80ECAA}.Debug|Any CPU.Build.0 = Debug|Any CPU
		{2EB2A835-4AC9-433D-8259-20B70F80ECAA}.Release|Any CPU.ActiveCfg = Release|Any CPU
		{2EB2A835-4AC9-433D-8259-20B70F80ECAA}.Release|Any CPU.Build.0 = Release|Any CPU
		{3223A4BA-5B34-4BE2-9B21-55DD52CAB487}.Debug|Any CPU.ActiveCfg = Debug|Any CPU
		{3223A4BA-5B34-4BE2-9B21-55DD52CAB487}.Debug|Any CPU.Build.0 = Debug|Any CPU
		{3223A4BA-5B34-4BE2-9B21-55DD52CAB487}.Release|Any CPU.ActiveCfg = Release|Any CPU
		{3223A4BA-5B34-4BE2-9B21-55DD52CAB487}.Release|Any CPU.Build.0 = Release|Any CPU
		{485F01D3-ADB6-45C3-8073-0B31F0BBA23D}.Debug|Any CPU.ActiveCfg = Debug|Any CPU
		{485F01D3-ADB6-45C3-8073-0B31F0BBA23D}.Debug|Any CPU.Build.0 = Debug|Any CPU
		{485F01D3-ADB6-45C3-8073-0B31F0BBA23D}.Release|Any CPU.ActiveCfg = Release|Any CPU
		{485F01D3-ADB6-45C3-8073-0B31F0BBA23D}.Release|Any CPU.Build.0 = Release|Any CPU
		{9DEE5273-AF7C-4BF6-A863-8D45F8F00349}.Debug|Any CPU.ActiveCfg = Debug|Any CPU
		{9DEE5273-AF7C-4BF6-A863-8D45F8F00349}.Debug|Any CPU.Build.0 = Debug|Any CPU
		{9DEE5273-AF7C-4BF6-A863-8D45F8F00349}.Release|Any CPU.ActiveCfg = Release|Any CPU
		{9DEE5273-AF7C-4BF6-A863-8D45F8F00349}.Release|Any CPU.Build.0 = Release|Any CPU
	EndGlobalSection
	GlobalSection(SolutionProperties) = preSolution
		HideSolutionNode = FALSE
	EndGlobalSection
	GlobalSection(ExtensibilityGlobals) = postSolution
		SolutionGuid = {304DF183-9E20-49EC-BD56-D41264D65667}
	EndGlobalSection
EndGlobal
